// !$*UTF8*$!
{
	archiveVersion = 1;
	classes = {
	};
	objectVersion = 46;
	objects = {

/* Begin PBXBuildFile section */
		A2F92F021BD0FE59005C8C93 /* main.m in Sources */ = {isa = PBXBuildFile; fileRef = A2F92F011BD0FE59005C8C93 /* main.m */; };
		A2F92F051BD0FE59005C8C93 /* AppDelegate.m in Sources */ = {isa = PBXBuildFile; fileRef = A2F92F041BD0FE59005C8C93 /* AppDelegate.m */; };
		A2F92F081BD0FE59005C8C93 /* ViewController.m in Sources */ = {isa = PBXBuildFile; fileRef = A2F92F071BD0FE59005C8C93 /* ViewController.m */; };
		A2F92F0B1BD0FE59005C8C93 /* Main.storyboard in Resources */ = {isa = PBXBuildFile; fileRef = A2F92F091BD0FE59005C8C93 /* Main.storyboard */; };
		A2F92F0D1BD0FE59005C8C93 /* Assets.xcassets in Resources */ = {isa = PBXBuildFile; fileRef = A2F92F0C1BD0FE59005C8C93 /* Assets.xcassets */; };
		A2F92F101BD0FE59005C8C93 /* LaunchScreen.storyboard in Resources */ = {isa = PBXBuildFile; fileRef = A2F92F0E1BD0FE59005C8C93 /* LaunchScreen.storyboard */; };
		A2F92F1E1BD115BB005C8C93 /* video_1.mp4 in Resources */ = {isa = PBXBuildFile; fileRef = A2F92F1C1BD115B7005C8C93 /* video_1.mp4 */; settings = {ASSET_TAGS = (); }; };
		A2F92F1F1BD115BB005C8C93 /* video_2.mp4 in Resources */ = {isa = PBXBuildFile; fileRef = A2F92F1D1BD115B7005C8C93 /* video_2.mp4 */; settings = {ASSET_TAGS = (); }; };
		A2F92F251BD1175A005C8C93 /* AKVideoImageView.m in Sources */ = {isa = PBXBuildFile; fileRef = A2F92F231BD1175A005C8C93 /* AKVideoImageView.m */; settings = {ASSET_TAGS = (); }; };
/* End PBXBuildFile section */

/* Begin PBXFileReference section */
		A2F92EFD1BD0FE59005C8C93 /* AKVideoImageView_Example.app */ = {isa = PBXFileReference; explicitFileType = wrapper.application; includeInIndex = 0; path = AKVideoImageView_Example.app; sourceTree = BUILT_PRODUCTS_DIR; };
		A2F92F011BD0FE59005C8C93 /* main.m */ = {isa = PBXFileReference; lastKnownFileType = sourcecode.c.objc; path = main.m; sourceTree = "<group>"; };
		A2F92F031BD0FE59005C8C93 /* AppDelegate.h */ = {isa = PBXFileReference; lastKnownFileType = sourcecode.c.h; path = AppDelegate.h; sourceTree = "<group>"; };
		A2F92F041BD0FE59005C8C93 /* AppDelegate.m */ = {isa = PBXFileReference; lastKnownFileType = sourcecode.c.objc; path = AppDelegate.m; sourceTree = "<group>"; };
		A2F92F061BD0FE59005C8C93 /* ViewController.h */ = {isa = PBXFileReference; lastKnownFileType = sourcecode.c.h; path = ViewController.h; sourceTree = "<group>"; };
		A2F92F071BD0FE59005C8C93 /* ViewController.m */ = {isa = PBXFileReference; lastKnownFileType = sourcecode.c.objc; path = ViewController.m; sourceTree = "<group>"; };
		A2F92F0A1BD0FE59005C8C93 /* Base */ = {isa = PBXFileReference; lastKnownFileType = file.storyboard; name = Base; path = Base.lproj/Main.storyboard; sourceTree = "<group>"; };
		A2F92F0C1BD0FE59005C8C93 /* Assets.xcassets */ = {isa = PBXFileReference; lastKnownFileType = folder.assetcatalog; path = Assets.xcassets; sourceTree = "<group>"; };
		A2F92F0F1BD0FE59005C8C93 /* Base */ = {isa = PBXFileReference; lastKnownFileType = file.storyboard; name = Base; path = Base.lproj/LaunchScreen.storyboard; sourceTree = "<group>"; };
		A2F92F111BD0FE59005C8C93 /* Info.plist */ = {isa = PBXFileReference; lastKnownFileType = text.plist.xml; path = Info.plist; sourceTree = "<group>"; };
		A2F92F1C1BD115B7005C8C93 /* video_1.mp4 */ = {isa = PBXFileReference; lastKnownFileType = file; path = video_1.mp4; sourceTree = "<group>"; };
		A2F92F1D1BD115B7005C8C93 /* video_2.mp4 */ = {isa = PBXFileReference; lastKnownFileType = file; path = video_2.mp4; sourceTree = "<group>"; };
		A2F92F231BD1175A005C8C93 /* AKVideoImageView.m */ = {isa = PBXFileReference; fileEncoding = 4; lastKnownFileType = sourcecode.c.objc; path = AKVideoImageView.m; sourceTree = "<group>"; };
		A2F92F241BD1175A005C8C93 /* AKVideoImageView.h */ = {isa = PBXFileReference; fileEncoding = 4; lastKnownFileType = sourcecode.c.h; path = AKVideoImageView.h; sourceTree = "<group>"; };
/* End PBXFileReference section */

/* Begin PBXFrameworksBuildPhase section */
		A2F92EFA1BD0FE59005C8C93 /* Frameworks */ = {
			isa = PBXFrameworksBuildPhase;
			buildActionMask = 2147483647;
			files = (
			);
			runOnlyForDeploymentPostprocessing = 0;
		};
/* End PBXFrameworksBuildPhase section */

/* Begin PBXGroup section */
		A2F92EF41BD0FE59005C8C93 = {
			isa = PBXGroup;
			children = (
				A2F92EFF1BD0FE59005C8C93 /* AKVideoImageView_Example */,
				A2F92EFE1BD0FE59005C8C93 /* Products */,
			);
			sourceTree = "<group>";
		};
		A2F92EFE1BD0FE59005C8C93 /* Products */ = {
			isa = PBXGroup;
			children = (
				A2F92EFD1BD0FE59005C8C93 /* AKVideoImageView_Example.app */,
			);
			name = Products;
			sourceTree = "<group>";
		};
		A2F92EFF1BD0FE59005C8C93 /* AKVideoImageView_Example */ = {
			isa = PBXGroup;
			children = (
				A2F92F241BD1175A005C8C93 /* AKVideoImageView.h */,
				A2F92F231BD1175A005C8C93 /* AKVideoImageView.m */,
				A2F92F031BD0FE59005C8C93 /* AppDelegate.h */,
				A2F92F041BD0FE59005C8C93 /* AppDelegate.m */,
				A2F92F061BD0FE59005C8C93 /* ViewController.h */,
				A2F92F071BD0FE59005C8C93 /* ViewController.m */,
				A2F92F091BD0FE59005C8C93 /* Main.storyboard */,
				A2F92F0C1BD0FE59005C8C93 /* Assets.xcassets */,
				A2F92F0E1BD0FE59005C8C93 /* LaunchScreen.storyboard */,
				A2F92F111BD0FE59005C8C93 /* Info.plist */,
				A2F92F1C1BD115B7005C8C93 /* video_1.mp4 */,
				A2F92F1D1BD115B7005C8C93 /* video_2.mp4 */,
				A2F92F001BD0FE59005C8C93 /* Supporting Files */,
			);
			path = AKVideoImageView_Example;
			sourceTree = "<group>";
		};
		A2F92F001BD0FE59005C8C93 /* Supporting Files */ = {
			isa = PBXGroup;
			children = (
				A2F92F011BD0FE59005C8C93 /* main.m */,
			);
			name = "Supporting Files";
			sourceTree = "<group>";
		};
/* End PBXGroup section */

/* Begin PBXNativeTarget section */
		A2F92EFC1BD0FE59005C8C93 /* AKVideoImageView_Example */ = {
			isa = PBXNativeTarget;
			buildConfigurationList = A2F92F141BD0FE59005C8C93 /* Build configuration list for PBXNativeTarget "AKVideoImageView_Example" */;
			buildPhases = (
				A2F92EF91BD0FE59005C8C93 /* Sources */,
				A2F92EFA1BD0FE59005C8C93 /* Frameworks */,
				A2F92EFB1BD0FE59005C8C93 /* Resources */,
			);
			buildRules = (
			);
			dependencies = (
			);
			name = AKVideoImageView_Example;
			productName = AKVideoImageView_Example;
			productReference = A2F92EFD1BD0FE59005C8C93 /* AKVideoImageView_Example.app */;
			productType = "com.apple.product-type.application";
		};
/* End PBXNativeTarget section */

/* Begin PBXProject section */
		A2F92EF51BD0FE59005C8C93 /* Project object */ = {
			isa = PBXProject;
			attributes = {
				LastUpgradeCheck = 0700;
				ORGANIZATIONNAME = "Oleksandr Kirichenko";
				TargetAttributes = {
					A2F92EFC1BD0FE59005C8C93 = {
						CreatedOnToolsVersion = 7.0;
					};
				};
			};
			buildConfigurationList = A2F92EF81BD0FE59005C8C93 /* Build configuration list for PBXProject "AKVideoImageView_Example" */;
			compatibilityVersion = "Xcode 3.2";
			developmentRegion = English;
			hasScannedForEncodings = 0;
			knownRegions = (
				en,
				Base,
			);
			mainGroup = A2F92EF41BD0FE59005C8C93;
			productRefGroup = A2F92EFE1BD0FE59005C8C93 /* Products */;
			projectDirPath = "";
			projectRoot = "";
			targets = (
				A2F92EFC1BD0FE59005C8C93 /* AKVideoImageView_Example */,
			);
		};
/* End PBXProject section */

/* Begin PBXResourcesBuildPhase section */
		A2F92EFB1BD0FE59005C8C93 /* Resources */ = {
			isa = PBXResourcesBuildPhase;
			buildActionMask = 2147483647;
			files = (
				A2F92F101BD0FE59005C8C93 /* LaunchScreen.storyboard in Resources */,
				A2F92F1E1BD115BB005C8C93 /* video_1.mp4 in Resources */,
				A2F92F0D1BD0FE59005C8C93 /* Assets.xcassets in Resources */,
				A2F92F1F1BD115BB005C8C93 /* video_2.mp4 in Resources */,
				A2F92F0B1BD0FE59005C8C93 /* Main.storyboard in Resources */,
			);
			runOnlyForDeploymentPostprocessing = 0;
		};
/* End PBXResourcesBuildPhase section */

/* Begin PBXSourcesBuildPhase section */
		A2F92EF91BD0FE59005C8C93 /* Sources */ = {
			isa = PBXSourcesBuildPhase;
			buildActionMask = 2147483647;
			files = (
				A2F92F081BD0FE59005C8C93 /* ViewController.m in Sources */,
				A2F92F051BD0FE59005C8C93 /* AppDelegate.m in Sources */,
				A2F92F251BD1175A005C8C93 /* AKVideoImageView.m in Sources */,
				A2F92F021BD0FE59005C8C93 /* main.m in Sources */,
			);
			runOnlyForDeploymentPostprocessing = 0;
		};
/* End PBXSourcesBuildPhase section */

/* Begin PBXVariantGroup section */
		A2F92F091BD0FE59005C8C93 /* Main.storyboard */ = {
			isa = PBXVariantGroup;
			children = (
				A2F92F0A1BD0FE59005C8C93 /* Base */,
			);
			name = Main.storyboard;
			sourceTree = "<group>";
		};
		A2F92F0E1BD0FE59005C8C93 /* LaunchScreen.storyboard */ = {
			isa = PBXVariantGroup;
			children = (
				A2F92F0F1BD0FE59005C8C93 /* Base */,
			);
			name = LaunchScreen.storyboard;
			sourceTree = "<group>";
		};
/* End PBXVariantGroup section */

/* Begin XCBuildConfiguration section */
		A2F92F121BD0FE59005C8C93 /* Debug */ = {
			isa = XCBuildConfiguration;
			buildSettings = {
				ALWAYS_SEARCH_USER_PATHS = NO;
				CLANG_CXX_LANGUAGE_STANDARD = "gnu++0x";
				CLANG_CXX_LIBRARY = "libc++";
				CLANG_ENABLE_MODULES = YES;
				CLANG_ENABLE_OBJC_ARC = YES;
				CLANG_WARN_BOOL_CONVERSION = YES;
				CLANG_WARN_CONSTANT_CONVERSION = YES;
				CLANG_WARN_DIRECT_OBJC_ISA_USAGE = YES_ERROR;
				CLANG_WARN_EMPTY_BODY = YES;
				CLANG_WARN_ENUM_CONVERSION = YES;
				CLANG_WARN_INT_CONVERSION = YES;
				CLANG_WARN_OBJC_ROOT_CLASS = YES_ERROR;
				CLANG_WARN_UNREACHABLE_CODE = YES;
				CLANG_WARN__DUPLICATE_METHOD_MATCH = YES;
				"CODE_SIGN_IDENTITY[sdk=iphoneos*]" = "iPhone Developer";
				COPY_PHASE_STRIP = NO;
				DEBUG_INFORMATION_FORMAT = dwarf;
				ENABLE_STRICT_OBJC_MSGSEND = YES;
				ENABLE_TESTABILITY = YES;
				GCC_C_LANGUAGE_STANDARD = gnu99;
				GCC_DYNAMIC_NO_PIC = NO;
				GCC_NO_COMMON_BLOCKS = YES;
				GCC_OPTIMIZATION_LEVEL = 0;
				GCC_PREPROCESSOR_DEFINITIONS = (
					"DEBUG=1",
					"$(inherited)",
				);
				GCC_WARN_64_TO_32_BIT_CONVERSION = YES;
				GCC_WARN_ABOUT_RETURN_TYPE = YES_ERROR;
				GCC_WARN_UNDECLARED_SELECTOR = YES;
				GCC_WARN_UNINITIALIZED_AUTOS = YES_AGGRESSIVE;
				GCC_WARN_UNUSED_FUNCTION = YES;
				GCC_WARN_UNUSED_VARIABLE = YES;
				IPHONEOS_DEPLOYMENT_TARGET = 9.0;
				MTL_ENABLE_DEBUG_INFO = YES;
				ONLY_ACTIVE_ARCH = YES;
				SDKROOT = iphoneos;
				TARGETED_DEVICE_FAMILY = "1,2";
			};
			name = Debug;
		};
		A2F92F131BD0FE59005C8C93 /* Release */ = {
			isa = XCBuildConfiguration;
			buildSettings = {
				ALWAYS_SEARCH_USER_PATHS = NO;
				CLANG_CXX_LANGUAGE_STANDARD = "gnu++0x";
				CLANG_CXX_LIBRARY = "libc++";
				CLANG_ENABLE_MODULES = YES;
				CLANG_ENABLE_OBJC_ARC = YES;
				CLANG_WARN_BOOL_CONVERSION = YES;
				CLANG_WARN_CONSTANT_CONVERSION = YES;
				CLANG_WARN_DIRECT_OBJC_ISA_USAGE = YES_ERROR;
				CLANG_WARN_EMPTY_BODY = YES;
				CLANG_WARN_ENUM_CONVERSION = YES;
				CLANG_WARN_INT_CONVERSION = YES;
				CLANG_WARN_OBJC_ROOT_CLASS = YES_ERROR;
				CLANG_WARN_UNREACHABLE_CODE = YES;
				CLANG_WARN__DUPLICATE_METHOD_MATCH = YES;
				"CODE_SIGN_IDENTITY[sdk=iphoneos*]" = "iPhone Developer";
				COPY_PHASE_STRIP = NO;
				DEBUG_INFORMATION_FORMAT = "dwarf-with-dsym";
				ENABLE_NS_ASSERTIONS = NO;
				ENABLE_STRICT_OBJC_MSGSEND = YES;
				GCC_C_LANGUAGE_STANDARD = gnu99;
				GCC_NO_COMMON_BLOCKS = YES;
				GCC_WARN_64_TO_32_BIT_CONVERSION = YES;
				GCC_WARN_ABOUT_RETURN_TYPE = YES_ERROR;
				GCC_WARN_UNDECLARED_SELECTOR = YES;
				GCC_WARN_UNINITIALIZED_AUTOS = YES_AGGRESSIVE;
				GCC_WARN_UNUSED_FUNCTION = YES;
				GCC_WARN_UNUSED_VARIABLE = YES;
				IPHONEOS_DEPLOYMENT_TARGET = 9.0;
				MTL_ENABLE_DEBUG_INFO = NO;
				SDKROOT = iphoneos;
				TARGETED_DEVICE_FAMILY = "1,2";
				VALIDATE_PRODUCT = YES;
			};
			name = Release;
		};
		A2F92F151BD0FE59005C8C93 /* Debug */ = {
			isa = XCBuildConfiguration;
			buildSettings = {
				ASSETCATALOG_COMPILER_APPICON_NAME = AppIcon;
				INFOPLIST_FILE = AKVideoImageView_Example/Info.plist;
				IPHONEOS_DEPLOYMENT_TARGET = 8.0;
				LD_RUNPATH_SEARCH_PATHS = "$(inherited) @executable_path/Frameworks";
				PRODUCT_BUNDLE_IDENTIFIER = "AK.AKVideoImageView-Example";
				PRODUCT_NAME = "$(TARGET_NAME)";
			};
			name = Debug;
		};
		A2F92F161BD0FE59005C8C93 /* Release */ = {
			isa = XCBuildConfiguration;
			buildSettings = {
				ASSETCATALOG_COMPILER_APPICON_NAME = AppIcon;
				INFOPLIST_FILE = AKVideoImageView_Example/Info.plist;
				IPHONEOS_DEPLOYMENT_TARGET = 8.0;
				LD_RUNPATH_SEARCH_PATHS = "$(inherited) @executable_path/Frameworks";
				PRODUCT_BUNDLE_IDENTIFIER = "AK.AKVideoImageView-Example";
				PRODUCT_NAME = "$(TARGET_NAME)";
			};
			name = Release;
		};
/* End XCBuildConfiguration section */

/* Begin XCConfigurationList section */
		A2F92EF81BD0FE59005C8C93 /* Build configuration list for PBXProject "AKVideoImageView_Example" */ = {
			isa = XCConfigurationList;
			buildConfigurations = (
				A2F92F121BD0FE59005C8C93 /* Debug */,
				A2F92F131BD0FE59005C8C93 /* Release */,
			);
			defaultConfigurationIsVisible = 0;
			defaultConfigurationName = Release;
		};
		A2F92F141BD0FE59005C8C93 /* Build configuration list for PBXNativeTarget "AKVideoImageView_Example" */ = {
			isa = XCConfigurationList;
			buildConfigurations = (
				A2F92F151BD0FE59005C8C93 /* Debug */,
				A2F92F161BD0FE59005C8C93 /* Release */,
			);
			defaultConfigurationIsVisible = 0;
			defaultConfigurationName = Release;
		};
/* End XCConfigurationList section */
	};
	rootObject = A2F92EF51BD0FE59005C8C93 /* Project object */;
}
